
Microsoft Visual Studio Solution File, Format Version 12.00
# Visual Studio Version 17
VisualStudioVersion = 17.3.32825.248
MinimumVisualStudioVersion = 10.0.40219.1
Project("{8BC9CEB8-8B4A-11D0-8D11-00A0C91BC942}") = "GameOfLife2", "GameOfLife2.vcxproj", "{FD44158B-9ADB-460A-9737-933EA52C6AE4}"
EndProject
Global
	GlobalSection(SolutionConfigurationPlatforms) = preSolution
		Debug|x64 = Debug|x64
		Debug|x86 = Debug|x86
		Release|x64 = Release|x64
		Release|x86 = Release|x86
	EndGlobalSection
	GlobalSection(ProjectConfigurationPlatforms) = postSolution
		{FD44158B-9ADB-460A-9737-933EA52C6AE4}.Debug|x64.ActiveCfg = Debug|x64
		{FD44158B-9ADB-460A-9737-933EA52C6AE4}.Debug|x64.Build.0 = Debug|x64
		{FD44158B-9ADB-460A-9737-933EA52C6AE4}.Debug|x86.ActiveCfg = Debug|Win32
		{FD44158B-9ADB-460A-9737-933EA52C6AE4}.Debug|x86.Build.0 = Debug|Win32
		{FD44158B-9ADB-460A-9737-933EA52C6AE4}.Release|x64.ActiveCfg = Release|x64
		{FD44158B-9ADB-460A-9737-933EA52C6AE4}.Release|x64.Build.0 = Release|x64
		{FD44158B-9ADB-460A-9737-933EA52C6AE4}.Release|x86.ActiveCfg = Release|Win32
		{FD44158B-9ADB-460A-9737-933EA52C6AE4}.Release|x86.Build.0 = Release|Win32
	EndGlobalSection
	GlobalSection(SolutionProperties) = preSolution
		HideSolutionNode = FALSE
	EndGlobalSection
	GlobalSection(ExtensibilityGlobals) = postSolution
		SolutionGuid = {CDBC4E03-D86C-46DF-A307-DF9576748930}
	EndGlobalSection
EndGlobal
